
Microsoft Visual Studio Solution File, Format Version 12.00
# Visual Studio Version 17
VisualStudioVersion = 17.7.34221.43
MinimumVisualStudioVersion = 10.0.40219.1
Project("{FAE04EC0-301F-11D3-BF4B-00C04F79EFBC}") = "CommandRestaurant", "CommandRestaurant\CommandRestaurant.csproj", "{C9C56E6B-94B4-457E-AD56-E1BC9524A3B6}"
EndProject
Project("{FAE04EC0-301F-11D3-BF4B-00C04F79EFBC}") = "RemoteControl", "RemoteControl\RemoteControl.csproj", "{52480CCA-9140-4496-B393-032D9EDDD0CC}"
EndProject
Global
	GlobalSection(SolutionConfigurationPlatforms) = preSolution
		Debug|Any CPU = Debug|Any CPU
		Release|Any CPU = Release|Any CPU
	EndGlobalSection
	GlobalSection(ProjectConfigurationPlatforms) = postSolution
		{C9C56E6B-94B4-457E-AD56-E1BC9524A3B6}.Debug|Any CPU.ActiveCfg = Debug|Any CPU
		{C9C56E6B-94B4-457E-AD56-E1BC9524A3B6}.Debug|Any CPU.Build.0 = Debug|Any CPU
		{C9C56E6B-94B4-457E-AD56-E1BC9524A3B6}.Release|Any CPU.ActiveCfg = Release|Any CPU
		{C9C56E6B-94B4-457E-AD56-E1BC9524A3B6}.Release|Any CPU.Build.0 = Release|Any CPU
		{52480CCA-9140-4496-B393-032D9EDDD0CC}.Debug|Any CPU.ActiveCfg = Debug|Any CPU
		{52480CCA-9140-4496-B393-032D9EDDD0CC}.Debug|Any CPU.Build.0 = Debug|Any CPU
		{52480CCA-9140-4496-B393-032D9EDDD0CC}.Release|Any CPU.ActiveCfg = Release|Any CPU
		{52480CCA-9140-4496-B393-032D9EDDD0CC}.Release|Any CPU.Build.0 = Release|Any CPU
	EndGlobalSection
	GlobalSection(SolutionProperties) = preSolution
		HideSolutionNode = FALSE
	EndGlobalSection
	GlobalSection(ExtensibilityGlobals) = postSolution
		SolutionGuid = {5236F98F-E1BD-4B82-AA6F-35CE87C36A2D}
	EndGlobalSection
EndGlobal
